
Microsoft Visual Studio Solution File, Format Version 12.00
# Visual Studio Version 16
VisualStudioVersion = 16.0.31702.278
MinimumVisualStudioVersion = 10.0.40219.1
Project("{FAE04EC0-301F-11D3-BF4B-00C04F79EFBC}") = "ATM System", "ATM System\ATM System.csproj", "{2E496DDA-5E3C-4380-9BC3-409D15C3BEC8}"
EndProject
Global
	GlobalSection(SolutionConfigurationPlatforms) = preSolution
		Debug|Any CPU = Debug|Any CPU
		Release|Any CPU = Release|Any CPU
	EndGlobalSection
	GlobalSection(ProjectConfigurationPlatforms) = postSolution
		{2E496DDA-5E3C-4380-9BC3-409D15C3BEC8}.Debug|Any CPU.ActiveCfg = Debug|Any CPU
		{2E496DDA-5E3C-4380-9BC3-409D15C3BEC8}.Debug|Any CPU.Build.0 = Debug|Any CPU
		{2E496DDA-5E3C-4380-9BC3-409D15C3BEC8}.Release|Any CPU.ActiveCfg = Release|Any CPU
		{2E496DDA-5E3C-4380-9BC3-409D15C3BEC8}.Release|Any CPU.Build.0 = Release|Any CPU
	EndGlobalSection
	GlobalSection(SolutionProperties) = preSolution
		HideSolutionNode = FALSE
	EndGlobalSection
	GlobalSection(ExtensibilityGlobals) = postSolution
		SolutionGuid = {BA3D2E3D-60F4-45E4-8534-AF0CEA4E6EFF}
	EndGlobalSection
EndGlobal
